
Microsoft Visual Studio Solution File, Format Version 12.00
# Visual Studio Version 16
VisualStudioVersion = 16.0.31205.134
MinimumVisualStudioVersion = 10.0.40219.1
Project("{FAE04EC0-301F-11D3-BF4B-00C04F79EFBC}") = "Calculator", "Calculator\Calculator.csproj", "{79FA16E4-24C7-4723-92F4-1D6A02C64008}"
EndProject
Project("{FAE04EC0-301F-11D3-BF4B-00C04F79EFBC}") = "Tests", "Tests\Tests.csproj", "{AC0B4D73-6AA8-4FC5-AFF7-32FFC0D14CB4}"
EndProject
Global
	GlobalSection(SolutionConfigurationPlatforms) = preSolution
		Debug|Any CPU = Debug|Any CPU
		Release|Any CPU = Release|Any CPU
	EndGlobalSection
	GlobalSection(ProjectConfigurationPlatforms) = postSolution
		{79FA16E4-24C7-4723-92F4-1D6A02C64008}.Debug|Any CPU.ActiveCfg = Debug|Any CPU
		{79FA16E4-24C7-4723-92F4-1D6A02C64008}.Debug|Any CPU.Build.0 = Debug|Any CPU
		{79FA16E4-24C7-4723-92F4-1D6A02C64008}.Release|Any CPU.ActiveCfg = Release|Any CPU
		{79FA16E4-24C7-4723-92F4-1D6A02C64008}.Release|Any CPU.Build.0 = Release|Any CPU
		{AC0B4D73-6AA8-4FC5-AFF7-32FFC0D14CB4}.Debug|Any CPU.ActiveCfg = Debug|Any CPU
		{AC0B4D73-6AA8-4FC5-AFF7-32FFC0D14CB4}.Debug|Any CPU.Build.0 = Debug|Any CPU
		{AC0B4D73-6AA8-4FC5-AFF7-32FFC0D14CB4}.Release|Any CPU.ActiveCfg = Release|Any CPU
		{AC0B4D73-6AA8-4FC5-AFF7-32FFC0D14CB4}.Release|Any CPU.Build.0 = Release|Any CPU
	EndGlobalSection
	GlobalSection(SolutionProperties) = preSolution
		HideSolutionNode = FALSE
	EndGlobalSection
	GlobalSection(ExtensibilityGlobals) = postSolution
		SolutionGuid = {83A97F4D-DD81-491F-99F3-05E6BE2CD4D8}
	EndGlobalSection
EndGlobal
